{
  "requires": true,
  "lockfileVersion": 1,
  "dependencies": {
    "vuelidate": {
      "version": "0.7.7",
      "resolved": "https://registry.npmjs.org/vuelidate/-/vuelidate-0.7.7.tgz",
      "integrity": "sha512-pT/U2lDI67wkIqI4tum7cMSIfGcAMfB+Phtqh2ttdXURwvHRBJEAQ0tVbUsW9Upg83Q5QH59bnCoXI7A9JDGnA=="
    }
  }
}
